
Microsoft Visual Studio Solution File, Format Version 12.00
# Visual Studio Version 17
VisualStudioVersion = 17.13.35931.197 d17.13
MinimumVisualStudioVersion = 10.0.40219.1
Project("{FAE04EC0-301F-11D3-BF4B-00C04F79EFBC}") = "ProductDirectoryApp", "ProductDirectoryApp\ProductDirectoryApp.csproj", "{8DD4628B-1709-426F-8B75-44682AA9EEB8}"
EndProject
Global
	GlobalSection(SolutionConfigurationPlatforms) = preSolution
		Debug|Any CPU = Debug|Any CPU
		Release|Any CPU = Release|Any CPU
	EndGlobalSection
	GlobalSection(ProjectConfigurationPlatforms) = postSolution
		{8DD4628B-1709-426F-8B75-44682AA9EEB8}.Debug|Any CPU.ActiveCfg = Debug|Any CPU
		{8DD4628B-1709-426F-8B75-44682AA9EEB8}.Debug|Any CPU.Build.0 = Debug|Any CPU
		{8DD4628B-1709-426F-8B75-44682AA9EEB8}.Release|Any CPU.ActiveCfg = Release|Any CPU
		{8DD4628B-1709-426F-8B75-44682AA9EEB8}.Release|Any CPU.Build.0 = Release|Any CPU
	EndGlobalSection
	GlobalSection(SolutionProperties) = preSolution
		HideSolutionNode = FALSE
	EndGlobalSection
	GlobalSection(ExtensibilityGlobals) = postSolution
		SolutionGuid = {3BF23DA6-FC4E-4FEC-88C0-17906D829DEB}
	EndGlobalSection
EndGlobal
